# This file is autogenerated, do not edit; changes may be undone by the next 'dep ensure'.


[[projects]]
  digest = "1:a62f6ed230a8cd138a9efbe718e7d0b0294f139266f5f55cd942769a9aac8de2"
  name = "github.com/PuerkitoBio/goquery"
  packages = ["."]
  pruneopts = "UT"
  revision = "dc2ec5c7ca4d9aae063b79b9f581dd3ea6afd2b2"
  version = "v1.4.1"

[[projects]]
  digest = "1:d867dfa6751c8d7a435821ad3b736310c2ed68945d05b50fb9d23aee0540c8cc"
  name = "github.com/Sirupsen/logrus"
  packages = ["."]
  pruneopts = "UT"
  revision = "3e01752db0189b9157070a0e1668a620f9a85da2"
  version = "v1.0.6"

[[projects]]
  digest = "1:66b3310cf22cdc96c35ef84ede4f7b9b370971c4025f394c89a2638729653b11"
  name = "github.com/andybalholm/cascadia"
  packages = ["."]
  pruneopts = "UT"
  revision = "901648c87902174f774fac311d7f176f8647bdaa"
  version = "v1.0.0"

[[projects]]
  digest = "1:e9c82a18b2a65779fb632431f39662e5ae263020d7cc19b4951a523621876a84"
  name = "github.com/rylio/ytdl"
  packages = ["."]
  pruneopts = "UT"
  revision = "bd30f781270fa4d6df59e2a49948cd157030a2c6"
  version = "v0.5.1"

[[projects]]
  branch = "master"
  digest = "1:af362cf485b8d6ed0129ae172b6bd697adf757911ff0d0dc1b4f5b6619f887ee"
  name = "github.com/xfrr/goffmpeg"
  packages = [
    "ffmpeg",
    "models",
    "transcoder",
    "utils",
  ]
  pruneopts = "UT"
  revision = "00c255eb2d5a741d03391bcd71ae14eb910857ef"

[[projects]]
  branch = "master"
  digest = "1:3f3a05ae0b95893d90b9b3b5afdb79a9b3d96e4e36e099d841ae602e4aca0da8"
  name = "golang.org/x/crypto"
  packages = ["ssh/terminal"]
  pruneopts = "UT"
  revision = "0709b304e793a5edb4a2c0145f281ecdc20838a4"

[[projects]]
  branch = "master"
  digest = "1:0185c27476ac2aa653c9b932843b41409b9a42a8f38b09c8e25c8fb1fcd499c5"
  name = "golang.org/x/net"
  packages = [
    "html",
    "html/atom",
  ]
  pruneopts = "UT"
  revision = "8a410e7b638dca158bf9e766925842f6651ff828"

[[projects]]
  branch = "master"
  digest = "1:7f4a61b989d94774dc61016b660cf8347f59eb0bed91a10b2f23fc72a38d45d4"
  name = "golang.org/x/sys"
  packages = [
    "unix",
    "windows",
  ]
  pruneopts = "UT"
  revision = "ebe1bf3edb3325c393447059974de898d5133eb8"

[solve-meta]
  analyzer-name = "dep"
  analyzer-version = 1
  input-imports = [
    "github.com/Sirupsen/logrus",
    "github.com/rylio/ytdl",
    "github.com/xfrr/goffmpeg/transcoder",
  ]
  solver-name = "gps-cdcl"
  solver-version = 1
